<?xml version="1.0" encoding="utf-8"?>
<Project ToolsVersion="4.0" xmlns="http://schemas.microsoft.com/developer/msbuild/2003">
  <ItemGroup>
    <Filter Include="Source Files">
      <UniqueIdentifier>{4FC737F1-C7A5-4376-A066-2A32D752A2FF}</UniqueIdentifier>
      <Extensions>cpp;c;cc;cxx;c++;cppm;ixx;def;odl;idl;hpj;bat;asm;asmx</Extensions>
    </Filter>
    <Filter Include="Header Files">
      <UniqueIdentifier>{93995380-89BD-4b04-88EB-625FBE52EBFB}</UniqueIdentifier>
      <Extensions>h;hh;hpp;hxx;h++;hm;inl;inc;ipp;xsd</Extensions>
    </Filter>
    <Filter Include="Resource Files">
      <UniqueIdentifier>{67DA6AB6-F800-4c08-8B7A-83BB121AAD01}</UniqueIdentifier>
      <Extensions>rc;ico;cur;bmp;dlg;rc2;rct;bin;rgs;gif;jpg;jpeg;jpe;resx;tiff;tif;png;wav;mfcribbon-ms</Extensions>
    </Filter>
  </ItemGroup>
  <ItemGroup>
    <ClCompile Include="product.cpp">
      <Filter>Source Files</Filter>
    </ClCompile>
    <ClCompile Include="analysis.cpp">
      <Filter>Source Files</Filter>
    </ClCompile>
    <ClCompile Include="main.cpp">
      <Filter>Source Files</Filter>
    </ClCompile>
    <ClCompile Include="extern\pybind\tests\test_cmake_build\embed.cpp">
      <Filter>Source Files</Filter>
    </ClCompile>
    <ClCompile Include="extern\pybind\tests\test_cmake_build\main.cpp">
      <Filter>Source Files</Filter>
    </ClCompile>
    <ClCompile Include="extern\pybind\tests\test_embed\catch.cpp">
      <Filter>Source Files</Filter>
    </ClCompile>
    <ClCompile Include="extern\pybind\tests\test_embed\external_module.cpp">
      <Filter>Source Files</Filter>
    </ClCompile>
    <ClCompile Include="extern\pybind\tests\test_embed\test_interpreter.cpp">
      <Filter>Source Files</Filter>
    </ClCompile>
    <ClCompile Include="extern\pybind\tests\cross_module_gil_utils.cpp">
      <Filter>Source Files</Filter>
    </ClCompile>
    <ClCompile Include="extern\pybind\tests\pybind11_cross_module_tests.cpp">
      <Filter>Source Files</Filter>
    </ClCompile>
    <ClCompile Include="extern\pybind\tests\pybind11_tests.cpp">
      <Filter>Source Files</Filter>
    </ClCompile>
    <ClCompile Include="extern\pybind\tests\test_async.cpp">
      <Filter>Source Files</Filter>
    </ClCompile>
    <ClCompile Include="extern\pybind\tests\test_buffers.cpp">
      <Filter>Source Files</Filter>
    </ClCompile>
    <ClCompile Include="extern\pybind\tests\test_builtin_casters.cpp">
      <Filter>Source Files</Filter>
    </ClCompile>
    <ClCompile Include="extern\pybind\tests\test_call_policies.cpp">
      <Filter>Source Files</Filter>
    </ClCompile>
    <ClCompile Include="extern\pybind\tests\test_callbacks.cpp">
      <Filter>Source Files</Filter>
    </ClCompile>
    <ClCompile Include="extern\pybind\tests\test_chrono.cpp">
      <Filter>Source Files</Filter>
    </ClCompile>
    <ClCompile Include="extern\pybind\tests\test_class.cpp">
      <Filter>Source Files</Filter>
    </ClCompile>
    <ClCompile Include="extern\pybind\tests\test_const_name.cpp">
      <Filter>Source Files</Filter>
    </ClCompile>
    <ClCompile Include="extern\pybind\tests\test_constants_and_functions.cpp">
      <Filter>Source Files</Filter>
    </ClCompile>
    <ClCompile Include="extern\pybind\tests\test_copy_move.cpp">
      <Filter>Source Files</Filter>
    </ClCompile>
    <ClCompile Include="extern\pybind\tests\test_custom_type_casters.cpp">
      <Filter>Source Files</Filter>
    </ClCompile>
    <ClCompile Include="extern\pybind\tests\test_custom_type_setup.cpp">
      <Filter>Source Files</Filter>
    </ClCompile>
    <ClCompile Include="extern\pybind\tests\test_docstring_options.cpp">
      <Filter>Source Files</Filter>
    </ClCompile>
    <ClCompile Include="extern\pybind\tests\test_eigen.cpp">
      <Filter>Source Files</Filter>
    </ClCompile>
    <ClCompile Include="extern\pybind\tests\test_enum.cpp">
      <Filter>Source Files</Filter>
    </ClCompile>
    <ClCompile Include="extern\pybind\tests\test_eval.cpp">
      <Filter>Source Files</Filter>
    </ClCompile>
    <ClCompile Include="extern\pybind\tests\test_exceptions.cpp">
      <Filter>Source Files</Filter>
    </ClCompile>
    <ClCompile Include="extern\pybind\tests\test_factory_constructors.cpp">
      <Filter>Source Files</Filter>
    </ClCompile>
    <ClCompile Include="extern\pybind\tests\test_gil_scoped.cpp">
      <Filter>Source Files</Filter>
    </ClCompile>
    <ClCompile Include="extern\pybind\tests\test_iostream.cpp">
      <Filter>Source Files</Filter>
    </ClCompile>
    <ClCompile Include="extern\pybind\tests\test_kwargs_and_defaults.cpp">
      <Filter>Source Files</Filter>
    </ClCompile>
    <ClCompile Include="extern\pybind\tests\test_local_bindings.cpp">
      <Filter>Source Files</Filter>
    </ClCompile>
    <ClCompile Include="extern\pybind\tests\test_methods_and_attributes.cpp">
      <Filter>Source Files</Filter>
    </ClCompile>
    <ClCompile Include="extern\pybind\tests\test_modules.cpp">
      <Filter>Source Files</Filter>
    </ClCompile>
    <ClCompile Include="extern\pybind\tests\test_multiple_inheritance.cpp">
      <Filter>Source Files</Filter>
    </ClCompile>
    <ClCompile Include="extern\pybind\tests\test_numpy_array.cpp">
      <Filter>Source Files</Filter>
    </ClCompile>
    <ClCompile Include="extern\pybind\tests\test_numpy_dtypes.cpp">
      <Filter>Source Files</Filter>
    </ClCompile>
    <ClCompile Include="extern\pybind\tests\test_numpy_vectorize.cpp">
      <Filter>Source Files</Filter>
    </ClCompile>
    <ClCompile Include="extern\pybind\tests\test_opaque_types.cpp">
      <Filter>Source Files</Filter>
    </ClCompile>
    <ClCompile Include="extern\pybind\tests\test_operator_overloading.cpp">
      <Filter>Source Files</Filter>
    </ClCompile>
    <ClCompile Include="extern\pybind\tests\test_pickling.cpp">
      <Filter>Source Files</Filter>
    </ClCompile>
    <ClCompile Include="extern\pybind\tests\test_pytypes.cpp">
      <Filter>Source Files</Filter>
    </ClCompile>
    <ClCompile Include="extern\pybind\tests\test_sequences_and_iterators.cpp">
      <Filter>Source Files</Filter>
    </ClCompile>
    <ClCompile Include="extern\pybind\tests\test_smart_ptr.cpp">
      <Filter>Source Files</Filter>
    </ClCompile>
    <ClCompile Include="extern\pybind\tests\test_stl.cpp">
      <Filter>Source Files</Filter>
    </ClCompile>
    <ClCompile Include="extern\pybind\tests\test_stl_binders.cpp">
      <Filter>Source Files</Filter>
    </ClCompile>
    <ClCompile Include="extern\pybind\tests\test_tagbased_polymorphic.cpp">
      <Filter>Source Files</Filter>
    </ClCompile>
    <ClCompile Include="extern\pybind\tests\test_thread.cpp">
      <Filter>Source Files</Filter>
    </ClCompile>
    <ClCompile Include="extern\pybind\tests\test_union.cpp">
      <Filter>Source Files</Filter>
    </ClCompile>
    <ClCompile Include="extern\pybind\tests\test_virtual_functions.cpp">
      <Filter>Source Files</Filter>
    </ClCompile>
  </ItemGroup>
  <ItemGroup>
    <ClInclude Include="product.h">
      <Filter>Header Files</Filter>
    </ClInclude>
    <ClInclude Include="analysis.h">
      <Filter>Header Files</Filter>
    </ClInclude>
    <ClInclude Include="extern\pybind\include\pybind11\detail\class.h">
      <Filter>Header Files</Filter>
    </ClInclude>
    <ClInclude Include="extern\pybind\include\pybind11\detail\common.h">
      <Filter>Header Files</Filter>
    </ClInclude>
    <ClInclude Include="extern\pybind\include\pybind11\detail\descr.h">
      <Filter>Header Files</Filter>
    </ClInclude>
    <ClInclude Include="extern\pybind\include\pybind11\detail\init.h">
      <Filter>Header Files</Filter>
    </ClInclude>
    <ClInclude Include="extern\pybind\include\pybind11\detail\internals.h">
      <Filter>Header Files</Filter>
    </ClInclude>
    <ClInclude Include="extern\pybind\include\pybind11\detail\type_caster_base.h">
      <Filter>Header Files</Filter>
    </ClInclude>
    <ClInclude Include="extern\pybind\include\pybind11\detail\typeid.h">
      <Filter>Header Files</Filter>
    </ClInclude>
    <ClInclude Include="extern\pybind\include\pybind11\stl\filesystem.h">
      <Filter>Header Files</Filter>
    </ClInclude>
    <ClInclude Include="extern\pybind\include\pybind11\attr.h">
      <Filter>Header Files</Filter>
    </ClInclude>
    <ClInclude Include="extern\pybind\include\pybind11\buffer_info.h">
      <Filter>Header Files</Filter>
    </ClInclude>
    <ClInclude Include="extern\pybind\include\pybind11\cast.h">
      <Filter>Header Files</Filter>
    </ClInclude>
    <ClInclude Include="extern\pybind\include\pybind11\chrono.h">
      <Filter>Header Files</Filter>
    </ClInclude>
    <ClInclude Include="extern\pybind\include\pybind11\common.h">
      <Filter>Header Files</Filter>
    </ClInclude>
    <ClInclude Include="extern\pybind\include\pybind11\complex.h">
      <Filter>Header Files</Filter>
    </ClInclude>
    <ClInclude Include="extern\pybind\include\pybind11\eigen.h">
      <Filter>Header Files</Filter>
    </ClInclude>
    <ClInclude Include="extern\pybind\include\pybind11\embed.h">
      <Filter>Header Files</Filter>
    </ClInclude>
    <ClInclude Include="extern\pybind\include\pybind11\eval.h">
      <Filter>Header Files</Filter>
    </ClInclude>
    <ClInclude Include="extern\pybind\include\pybind11\functional.h">
      <Filter>Header Files</Filter>
    </ClInclude>
    <ClInclude Include="extern\pybind\include\pybind11\gil.h">
      <Filter>Header Files</Filter>
    </ClInclude>
    <ClInclude Include="extern\pybind\include\pybind11\iostream.h">
      <Filter>Header Files</Filter>
    </ClInclude>
    <ClInclude Include="extern\pybind\include\pybind11\numpy.h">
      <Filter>Header Files</Filter>
    </ClInclude>
    <ClInclude Include="extern\pybind\include\pybind11\operators.h">
      <Filter>Header Files</Filter>
    </ClInclude>
    <ClInclude Include="extern\pybind\include\pybind11\options.h">
      <Filter>Header Files</Filter>
    </ClInclude>
    <ClInclude Include="extern\pybind\include\pybind11\pybind11.h">
      <Filter>Header Files</Filter>
    </ClInclude>
    <ClInclude Include="extern\pybind\include\pybind11\pytypes.h">
      <Filter>Header Files</Filter>
    </ClInclude>
    <ClInclude Include="extern\pybind\include\pybind11\stl.h">
      <Filter>Header Files</Filter>
    </ClInclude>
    <ClInclude Include="extern\pybind\include\pybind11\stl_bind.h">
      <Filter>Header Files</Filter>
    </ClInclude>
    <ClInclude Include="extern\pybind\tests\constructor_stats.h">
      <Filter>Header Files</Filter>
    </ClInclude>
    <ClInclude Include="extern\pybind\tests\local_bindings.h">
      <Filter>Header Files</Filter>
    </ClInclude>
    <ClInclude Include="extern\pybind\tests\object.h">
      <Filter>Header Files</Filter>
    </ClInclude>
    <ClInclude Include="extern\pybind\tests\pybind11_tests.h">
      <Filter>Header Files</Filter>
    </ClInclude>
    <ClInclude Include="extern\pybind\tests\test_exceptions.h">
      <Filter>Header Files</Filter>
    </ClInclude>
  </ItemGroup>
</Project>